{
  "nodes": {
    "nixpkgs": {
      "locked": {
        "lastModified": 1773757037,
        "narHash": "sha256-NBnGaZvJvz+cdpHUwtBw/PcTEP/gD02pL76wERzRDFk=",
        "owner": "NixOS",
        "repo": "nixpkgs",
        "rev": "69ba8f9b9132e83a2e2aca3a810fe158a7072531",
        "type": "github"
      },
      "original": {
        "owner": "NixOS",
        "ref": "nixpkgs-25.11-darwin",
        "repo": "nixpkgs",
        "type": "github"
      }
    },
    "root": {
      "inputs": {
        "nixpkgs": "nixpkgs"
      }
    }
  },
  "root": "root",
  "version": 7
}
